
Microsoft Visual Studio Solution File, Format Version 12.00
# Visual Studio 14
VisualStudioVersion = 14.0.23107.0
MinimumVisualStudioVersion = 10.0.40219.1
Project("{FAE04EC0-301F-11D3-BF4B-00C04F79EFBC}") = "StudentRegistrationWPF", "StudentRegistrationWPF\StudentRegistrationWPF.csproj", "{E77CCEE3-A1BF-4AA6-998A-DB3D57B9CBCA}"
EndProject
Project("{FAE04EC0-301F-11D3-BF4B-00C04F79EFBC}") = "Business", "Business\Business.csproj", "{149D2C05-AD8D-485D-98D3-955DBB984ED5}"
EndProject
Global
	GlobalSection(SolutionConfigurationPlatforms) = preSolution
		Debug|Any CPU = Debug|Any CPU
		Release|Any CPU = Release|Any CPU
	EndGlobalSection
	GlobalSection(ProjectConfigurationPlatforms) = postSolution
		{E77CCEE3-A1BF-4AA6-998A-DB3D57B9CBCA}.Debug|Any CPU.ActiveCfg = Debug|Any CPU
		{E77CCEE3-A1BF-4AA6-998A-DB3D57B9CBCA}.Debug|Any CPU.Build.0 = Debug|Any CPU
		{E77CCEE3-A1BF-4AA6-998A-DB3D57B9CBCA}.Release|Any CPU.ActiveCfg = Release|Any CPU
		{E77CCEE3-A1BF-4AA6-998A-DB3D57B9CBCA}.Release|Any CPU.Build.0 = Release|Any CPU
		{149D2C05-AD8D-485D-98D3-955DBB984ED5}.Debug|Any CPU.ActiveCfg = Debug|Any CPU
		{149D2C05-AD8D-485D-98D3-955DBB984ED5}.Debug|Any CPU.Build.0 = Debug|Any CPU
		{149D2C05-AD8D-485D-98D3-955DBB984ED5}.Release|Any CPU.ActiveCfg = Release|Any CPU
		{149D2C05-AD8D-485D-98D3-955DBB984ED5}.Release|Any CPU.Build.0 = Release|Any CPU
	EndGlobalSection
	GlobalSection(SolutionProperties) = preSolution
		HideSolutionNode = FALSE
	EndGlobalSection
EndGlobal
